# This file is automatically @generated by Cargo.
# It is not intended for manual editing.
version = 4

[[package]]
name = "bestresponse"
version = "0.1.0"

[[package]]
name = "bots"
version = "0.1.0"

[[package]]
name = "cards"
version = "0.1.0"

[[package]]
name = "coach"
version = "0.1.0"

[[package]]
name = "engine"
version = "0.1.0"

[[package]]
name = "payoff"
version = "0.1.0"

[[package]]
name = "postflop"
version = "0.1.0"

[[package]]
name = "preflop"
version = "0.1.0"

[[package]]
name = "spots"
version = "0.1.0"

[[package]]
name = "toygames"
version = "0.1.0"

[[package]]
name = "tree"
version = "0.1.0"

[[package]]
name = "wasm"
version = "0.1.0"
